{
    "_meta": {
        "hash": {
            "sha256": "1df4802f461ff14750481d46813d8e2f48ef71d2bb17b48b1647fd90e5c0a108"
        },
        "host-environment-markers": {
            "implementation_name": "cpython",
            "implementation_version": "3.6.3",
            "os_name": "posix",
            "platform_machine": "x86_64",
            "platform_python_implementation": "CPython",
            "platform_release": "17.4.0",
            "platform_system": "Darwin",
            "platform_version": "Darwin Kernel Version 17.4.0: Sun Dec 17 09:19:54 PST 2017; root:xnu-4570.41.2~1/RELEASE_X86_64",
            "python_full_version": "3.6.3",
            "python_version": "3.6",
            "sys_platform": "darwin"
        },
        "pipfile-spec": 6,
        "requires": {},
        "sources": [
            {
                "name": "pypi",
                "url": "https://pypi.python.org/simple",
                "verify_ssl": true
            }
        ]
    },
    "default": {
        "asn1crypto": {
            "hashes": [
                "sha256:2f1adbb7546ed199e3c90ef23ec95c5cf3585bac7d11fb7eb562a3fe89c64e87",
                "sha256:9d5c20441baf0cb60a4ac34cc447c6c189024b6b4c6cd7877034f4965c464e49"
            ],
            "version": "==0.24.0"
        },
        "botocore": {
            "hashes": [
                "sha256:1e82d18c23ba0c2251404aee33483e82729e5d4b1838c528206f2ed2ba4516cd",
                "sha256:aa0aa83766b1dbb23f67d807222d78ab5ba528c23be5e7ffca7d8643e6224272"
            ],
            "version": "==1.8.38"
        },
        "certvalidator": {
            "hashes": [
                "sha256:77520b269f516d4fb0902998d5bd0eb3727fe153b659aa1cb828dcf12ea6b8de",
                "sha256:922d141c94393ab285ca34338e18dd4093e3ae330b1f278e96c837cb62cffaad"
            ],
            "version": "==0.11.1"
        },
        "docutils": {
            "hashes": [
                "sha256:7a4bd47eaf6596e1295ecb11361139febe29b084a87bf005bf899f9a42edc3c6",
                "sha256:02aec4bd92ab067f6ff27a38a38a41173bf01bed8f89157768c1573f53e474a6",
                "sha256:51e64ef2ebfb29cae1faa133b3710143496eca21c530f3f71424d77687764274"
            ],
            "version": "==0.14"
        },
        "jmespath": {
            "hashes": [
                "sha256:f11b4461f425740a1d908e9a3f7365c3d2e569f6ca68a2ff8bc5bcd9676edd63",
                "sha256:6a81d4c9aa62caf061cb517b4d9ad1dd300374cd4706997aff9cd6aedd61fc64"
            ],
            "version": "==0.9.3"
        },
        "ocspbuilder": {
            "hashes": [
                "sha256:ea5b6fbe86eef9bbf33c76c1aee54420163d3d90cb722ddb831f97b2419b772f",
                "sha256:945629537ac6d6960a7413fd32fc49448a442f9dfd87f6de5c239e89ed853a0d"
            ],
            "version": "==0.10.2"
        },
        "oscrypto": {
            "hashes": [
                "sha256:84fb7cc3a1cca317bce778223a553cf4841e78de658bda7ff96f3afc640ed597",
                "sha256:9e4c548c1bee575ee3c61fa56b0dd612db85016b4ab403763b22961c8ca05147"
            ],
            "version": "==0.19.1"
        },
        "pynamodb": {
            "hashes": [
                "sha256:d9928b1cca47b08822c192a0ef491316bef1cca1dfca5a608cae36f8a02edfb9",
                "sha256:03590fefa06178ba116560d5fbefab31f609fcadf5b80168c9cd2879f6c758c0"
            ],
            "version": "==3.2.1"
        },
        "python-dateutil": {
            "hashes": [
                "sha256:95511bae634d69bc7329ba55e646499a842bc4ec342ad54a8cdb65645a0aad3c",
                "sha256:891c38b2a02f5bb1be3e4793866c8df49c7d19baabf9c1bad62547e0b4866aca"
            ],
            "version": "==2.6.1"
        },
        "six": {
            "hashes": [
                "sha256:832dc0e10feb1aa2c68dcc57dbb658f1c7e65b9b61af69048abc87a2db00a0eb",
                "sha256:70e8a77beed4562e7f14fe23a786b54f6296e34344c23bc42f07b15018ff98e9"
            ],
            "version": "==1.11.0"
        }
    },
    "develop": {
        "boto3": {
            "hashes": [
                "sha256:f5d62530ab6463ad13e3bd9f80bdae79106db7b693838dbab2de92b1ad8db21c",
                "sha256:13f97c60392b581d6b47c377a1c41fed736ce83694539ada8e480532496399be"
            ],
            "version": "==1.5.24"
        },
        "botocore": {
            "hashes": [
                "sha256:1e82d18c23ba0c2251404aee33483e82729e5d4b1838c528206f2ed2ba4516cd",
                "sha256:aa0aa83766b1dbb23f67d807222d78ab5ba528c23be5e7ffca7d8643e6224272"
            ],
            "version": "==1.8.38"
        },
        "cffi": {
            "hashes": [
                "sha256:5d0d7023b72794ea847725680e2156d1d01bc698a9007fccce46d03c904fe093",
                "sha256:86903c0afab4a3390170aca61f753f5adad8ffff947030719ee44dedc5b68403",
                "sha256:7d35678a54da0d3f1bc30e3a58a232043753d57c691875b5a75e4e062793bc9a",
                "sha256:824cac33906be5c8e976f0d950924d88ec058989ef9cd2f77f5cd53cec417635",
                "sha256:6ca52651f6bd4b8647cb7dee15c82619de3e13490f8e0bc0620830a2245b51d1",
                "sha256:a183959a4b1e01d6172aeed356e2523ec8682596075aa6cf0003fe08da959a49",
                "sha256:9532c5bc0108bd0fe43c0eb3faa2ef98a2db60fc0d4019f106b88d46803dd663",
                "sha256:96652215ef328262b5f1d5647632bd342ac6b31dfbc495b21f1ab27cb06d621d",
                "sha256:6c99d19225e3135f6190a3bfce2a614cae8eaa5dcaf9e0705d4ccb79a3959a3f",
                "sha256:12cbf4c04c1ad07124bfc9e928c01e282feac9ec7dd72a18042d4fc56456289a",
                "sha256:69c37089ccf10692361c8d14dbf4138b00b46741ffe9628755054499f06ed548",
                "sha256:b8d1454ef627098dc76ccfd6211a08065e6f84efe3754d8d112049fec3768e71",
                "sha256:cd13f347235410c592f6e36395ee1c136a64b66534f10173bfa4df1dc88f47d0",
                "sha256:0640f12f04f257c4467075a804a4920a5d07ef91e11c525fc65d715c08231c81",
                "sha256:89a8d05b96bdeca8fdc89c5fa9469a357d30f6c066262e92c0c8d2e4d3c53cae",
                "sha256:a67c430a9bde73ae85b0c885fcf41b556760e42ea74c16dc70431a349989b448",
                "sha256:7a831170b621e98f45ed1d5758325be19619a593924127a0a47af9a72a117319",
                "sha256:796d0379102e6da5215acfcd20e8e69cca9d97309215b4ce088fe175b1c2f586",
                "sha256:0fe3b3d571543a4065059d1d3d6d39f4ca6da0f2207ad13547094522e32ead46",
                "sha256:678135090c311780382b1dd3f828f715583ea8a69687ed053c047d3cec6625d6",
                "sha256:f4992cd7b4c867f453d44c213ee29e8fd484cf81cfece4b6e836d0982b6fa1cf",
                "sha256:6d191fb20138fe1948727b20e7b96582b7b7e676135eabf72d910e10bf7bfa65",
                "sha256:ec208ca16e57904dd7f4c7568665f80b1f7eb7e3214be014560c28def219060d",
                "sha256:b3653644d6411bf4bd64c1f2ca3cb1b093f98c68439ade5cef328609bbfabf8c",
                "sha256:f4719d0bafc5f0a67b2ec432086d40f653840698d41fa6e9afa679403dea9d78",
                "sha256:87f837459c3c78d75cb4f5aadf08a7104db15e8c7618a5c732e60f252279c7a6",
                "sha256:df9083a992b17a28cd4251a3f5c879e0198bb26c9e808c4647e0a18739f1d11d"
            ],
            "version": "==1.11.4"
        },
        "docutils": {
            "hashes": [
                "sha256:7a4bd47eaf6596e1295ecb11361139febe29b084a87bf005bf899f9a42edc3c6",
                "sha256:02aec4bd92ab067f6ff27a38a38a41173bf01bed8f89157768c1573f53e474a6",
                "sha256:51e64ef2ebfb29cae1faa133b3710143496eca21c530f3f71424d77687764274"
            ],
            "version": "==0.14"
        },
        "jmespath": {
            "hashes": [
                "sha256:f11b4461f425740a1d908e9a3f7365c3d2e569f6ca68a2ff8bc5bcd9676edd63",
                "sha256:6a81d4c9aa62caf061cb517b4d9ad1dd300374cd4706997aff9cd6aedd61fc64"
            ],
            "version": "==0.9.3"
        },
        "pycparser": {
            "hashes": [
                "sha256:99a8ca03e29851d96616ad0404b4aad7d9ee16f25c9f9708a11faf2810f7b226"
            ],
            "version": "==2.18"
        },
        "python-dateutil": {
            "hashes": [
                "sha256:95511bae634d69bc7329ba55e646499a842bc4ec342ad54a8cdb65645a0aad3c",
                "sha256:891c38b2a02f5bb1be3e4793866c8df49c7d19baabf9c1bad62547e0b4866aca"
            ],
            "version": "==2.6.1"
        },
        "s3transfer": {
            "hashes": [
                "sha256:23c156ca4d64b022476c92c44bf938bef71af9ce0dcd8fd6585e7bce52f66e47",
                "sha256:10891b246296e0049071d56c32953af05cea614dca425a601e4c0be35990121e"
            ],
            "version": "==0.1.12"
        },
        "six": {
            "hashes": [
                "sha256:832dc0e10feb1aa2c68dcc57dbb658f1c7e65b9b61af69048abc87a2db00a0eb",
                "sha256:70e8a77beed4562e7f14fe23a786b54f6296e34344c23bc42f07b15018ff98e9"
            ],
            "version": "==1.11.0"
        }
    }
}
